// !$*UTF8*$!
{
	archiveVersion = 1;
	classes = {
	};
	objectVersion = 46;
	objects = {

/* Begin PBXBuildFile section */
		DC259A241E46C0B300FB453C /* AppDelegate.swift in Sources */ = {isa = PBXBuildFile; fileRef = DC259A231E46C0B300FB453C /* AppDelegate.swift */; };
		DC259A261E46C0B300FB453C /* ViewController.swift in Sources */ = {isa = PBXBuildFile; fileRef = DC259A251E46C0B300FB453C /* ViewController.swift */; };
		DC259A291E46C0B300FB453C /* Main.storyboard in Resources */ = {isa = PBXBuildFile; fileRef = DC259A271E46C0B300FB453C /* Main.storyboard */; };
		DC259A2B1E46C0B300FB453C /* Assets.xcassets in Resources */ = {isa = PBXBuildFile; fileRef = DC259A2A1E46C0B300FB453C /* Assets.xcassets */; };
		DC259A2E1E46C0B300FB453C /* LaunchScreen.storyboard in Resources */ = {isa = PBXBuildFile; fileRef = DC259A2C1E46C0B300FB453C /* LaunchScreen.storyboard */; };
/* End PBXBuildFile section */

/* Begin PBXFileReference section */
		DC259A201E46C0B300FB453C /* TumblrApp.app */ = {isa = PBXFileReference; explicitFileType = wrapper.application; includeInIndex = 0; path = TumblrApp.app; sourceTree = BUILT_PRODUCTS_DIR; };
		DC259A231E46C0B300FB453C /* AppDelegate.swift */ = {isa = PBXFileReference; lastKnownFileType = sourcecode.swift; path = AppDelegate.swift; sourceTree = "<group>"; };
		DC259A251E46C0B300FB453C /* ViewController.swift */ = {isa = PBXFileReference; lastKnownFileType = sourcecode.swift; path = ViewController.swift; sourceTree = "<group>"; };
		DC259A281E46C0B300FB453C /* Base */ = {isa = PBXFileReference; lastKnownFileType = file.storyboard; name = Base; path = Base.lproj/Main.storyboard; sourceTree = "<group>"; };
		DC259A2A1E46C0B300FB453C /* Assets.xcassets */ = {isa = PBXFileReference; lastKnownFileType = folder.assetcatalog; path = Assets.xcassets; sourceTree = "<group>"; };
		DC259A2D1E46C0B300FB453C /* Base */ = {isa = PBXFileReference; lastKnownFileType = file.storyboard; name = Base; path = Base.lproj/LaunchScreen.storyboard; sourceTree = "<group>"; };
		DC259A2F1E46C0B300FB453C /* Info.plist */ = {isa = PBXFileReference; lastKnownFileType = text.plist.xml; path = Info.plist; sourceTree = "<group>"; };
/* End PBXFileReference section */

/* Begin PBXFrameworksBuildPhase section */
		DC259A1D1E46C0B300FB453C /* Frameworks */ = {
			isa = PBXFrameworksBuildPhase;
			buildActionMask = 2147483647;
			files = (
			);
			runOnlyForDeploymentPostprocessing = 0;
		};
/* End PBXFrameworksBuildPhase section */

/* Begin PBXGroup section */
		DC259A171E46C0B300FB453C = {
			isa = PBXGroup;
			children = (
				DC259A221E46C0B300FB453C /* TumblrApp */,
				DC259A211E46C0B300FB453C /* Products */,
			);
			sourceTree = "<group>";
		};
		DC259A211E46C0B300FB453C /* Products */ = {
			isa = PBXGroup;
			children = (
				DC259A201E46C0B300FB453C /* TumblrApp.app */,
			);
			name = Products;
			sourceTree = "<group>";
		};
		DC259A221E46C0B300FB453C /* TumblrApp */ = {
			isa = PBXGroup;
			children = (
				DC259A231E46C0B300FB453C /* AppDelegate.swift */,
				DC259A251E46C0B300FB453C /* ViewController.swift */,
				DC259A271E46C0B300FB453C /* Main.storyboard */,
				DC259A2A1E46C0B300FB453C /* Assets.xcassets */,
				DC259A2C1E46C0B300FB453C /* LaunchScreen.storyboard */,
				DC259A2F1E46C0B300FB453C /* Info.plist */,
			);
			path = TumblrApp;
			sourceTree = "<group>";
		};
/* End PBXGroup section */

/* Begin PBXNativeTarget section */
		DC259A1F1E46C0B300FB453C /* TumblrApp */ = {
			isa = PBXNativeTarget;
			buildConfigurationList = DC259A321E46C0B300FB453C /* Build configuration list for PBXNativeTarget "TumblrApp" */;
			buildPhases = (
				DC259A1C1E46C0B300FB453C /* Sources */,
				DC259A1D1E46C0B300FB453C /* Frameworks */,
				DC259A1E1E46C0B300FB453C /* Resources */,
			);
			buildRules = (
			);
			dependencies = (
			);
			name = TumblrApp;
			productName = TumblrApp;
			productReference = DC259A201E46C0B300FB453C /* TumblrApp.app */;
			productType = "com.apple.product-type.application";
		};
/* End PBXNativeTarget section */

/* Begin PBXProject section */
		DC259A181E46C0B300FB453C /* Project object */ = {
			isa = PBXProject;
			attributes = {
				LastSwiftUpdateCheck = 0820;
				LastUpgradeCheck = 0820;
				ORGANIZATIONNAME = "David Yuan";
				TargetAttributes = {
					DC259A1F1E46C0B300FB453C = {
						CreatedOnToolsVersion = 8.2.1;
						ProvisioningStyle = Automatic;
					};
				};
			};
			buildConfigurationList = DC259A1B1E46C0B300FB453C /* Build configuration list for PBXProject "TumblrApp" */;
			compatibilityVersion = "Xcode 3.2";
			developmentRegion = English;
			hasScannedForEncodings = 0;
			knownRegions = (
				en,
				Base,
			);
			mainGroup = DC259A171E46C0B300FB453C;
			productRefGroup = DC259A211E46C0B300FB453C /* Products */;
			projectDirPath = "";
			projectRoot = "";
			targets = (
				DC259A1F1E46C0B300FB453C /* TumblrApp */,
			);
		};
/* End PBXProject section */

/* Begin PBXResourcesBuildPhase section */
		DC259A1E1E46C0B300FB453C /* Resources */ = {
			isa = PBXResourcesBuildPhase;
			buildActionMask = 2147483647;
			files = (
				DC259A2E1E46C0B300FB453C /* LaunchScreen.storyboard in Resources */,
				DC259A2B1E46C0B300FB453C /* Assets.xcassets in Resources */,
				DC259A291E46C0B300FB453C /* Main.storyboard in Resources */,
			);
			runOnlyForDeploymentPostprocessing = 0;
		};
/* End PBXResourcesBuildPhase section */

/* Begin PBXSourcesBuildPhase section */
		DC259A1C1E46C0B300FB453C /* Sources */ = {
			isa = PBXSourcesBuildPhase;
			buildActionMask = 2147483647;
			files = (
				DC259A261E46C0B300FB453C /* ViewController.swift in Sources */,
				DC259A241E46C0B300FB453C /* AppDelegate.swift in Sources */,
			);
			runOnlyForDeploymentPostprocessing = 0;
		};
/* End PBXSourcesBuildPhase section */

/* Begin PBXVariantGroup section */
		DC259A271E46C0B300FB453C /* Main.storyboard */ = {
			isa = PBXVariantGroup;
			children = (
				DC259A281E46C0B300FB453C /* Base */,
			);
			name = Main.storyboard;
			sourceTree = "<group>";
		};
		DC259A2C1E46C0B300FB453C /* LaunchScreen.storyboard */ = {
			isa = PBXVariantGroup;
			children = (
				DC259A2D1E46C0B300FB453C /* Base */,
			);
			name = LaunchScreen.storyboard;
			sourceTree = "<group>";
		};
/* End PBXVariantGroup section */

/* Begin XCBuildConfiguration section */
		DC259A301E46C0B300FB453C /* Debug */ = {
			isa = XCBuildConfiguration;
			buildSettings = {
				ALWAYS_SEARCH_USER_PATHS = NO;
				CLANG_ANALYZER_NONNULL = YES;
				CLANG_CXX_LANGUAGE_STANDARD = "gnu++0x";
				CLANG_CXX_LIBRARY = "libc++";
				CLANG_ENABLE_MODULES = YES;
				CLANG_ENABLE_OBJC_ARC = YES;
				CLANG_WARN_BOOL_CONVERSION = YES;
				CLANG_WARN_CONSTANT_CONVERSION = YES;
				CLANG_WARN_DIRECT_OBJC_ISA_USAGE = YES_ERROR;
				CLANG_WARN_DOCUMENTATION_COMMENTS = YES;
				CLANG_WARN_EMPTY_BODY = YES;
				CLANG_WARN_ENUM_CONVERSION = YES;
				CLANG_WARN_INFINITE_RECURSION = YES;
				CLANG_WARN_INT_CONVERSION = YES;
				CLANG_WARN_OBJC_ROOT_CLASS = YES_ERROR;
				CLANG_WARN_SUSPICIOUS_MOVE = YES;
				CLANG_WARN_UNREACHABLE_CODE = YES;
				CLANG_WARN__DUPLICATE_METHOD_MATCH = YES;
				"CODE_SIGN_IDENTITY[sdk=iphoneos*]" = "iPhone Developer";
				COPY_PHASE_STRIP = NO;
				DEBUG_INFORMATION_FORMAT = dwarf;
				ENABLE_STRICT_OBJC_MSGSEND = YES;
				ENABLE_TESTABILITY = YES;
				GCC_C_LANGUAGE_STANDARD = gnu99;
				GCC_DYNAMIC_NO_PIC = NO;
				GCC_NO_COMMON_BLOCKS = YES;
				GCC_OPTIMIZATION_LEVEL = 0;
				GCC_PREPROCESSOR_DEFINITIONS = (
					"DEBUG=1",
					"$(inherited)",
				);
				GCC_WARN_64_TO_32_BIT_CONVERSION = YES;
				GCC_WARN_ABOUT_RETURN_TYPE = YES_ERROR;
				GCC_WARN_UNDECLARED_SELECTOR = YES;
				GCC_WARN_UNINITIALIZED_AUTOS = YES_AGGRESSIVE;
				GCC_WARN_UNUSED_FUNCTION = YES;
				GCC_WARN_UNUSED_VARIABLE = YES;
				IPHONEOS_DEPLOYMENT_TARGET = 10.2;
				MTL_ENABLE_DEBUG_INFO = YES;
				ONLY_ACTIVE_ARCH = YES;
				SDKROOT = iphoneos;
				SWIFT_ACTIVE_COMPILATION_CONDITIONS = DEBUG;
				SWIFT_OPTIMIZATION_LEVEL = "-Onone";
			};
			name = Debug;
		};
		DC259A311E46C0B300FB453C /* Release */ = {
			isa = XCBuildConfiguration;
			buildSettings = {
				ALWAYS_SEARCH_USER_PATHS = NO;
				CLANG_ANALYZER_NONNULL = YES;
				CLANG_CXX_LANGUAGE_STANDARD = "gnu++0x";
				CLANG_CXX_LIBRARY = "libc++";
				CLANG_ENABLE_MODULES = YES;
				CLANG_ENABLE_OBJC_ARC = YES;
				CLANG_WARN_BOOL_CONVERSION = YES;
				CLANG_WARN_CONSTANT_CONVERSION = YES;
				CLANG_WARN_DIRECT_OBJC_ISA_USAGE = YES_ERROR;
				CLANG_WARN_DOCUMENTATION_COMMENTS = YES;
				CLANG_WARN_EMPTY_BODY = YES;
				CLANG_WARN_ENUM_CONVERSION = YES;
				CLANG_WARN_INFINITE_RECURSION = YES;
				CLANG_WARN_INT_CONVERSION = YES;
				CLANG_WARN_OBJC_ROOT_CLASS = YES_ERROR;
				CLANG_WARN_SUSPICIOUS_MOVE = YES;
				CLANG_WARN_UNREACHABLE_CODE = YES;
				CLANG_WARN__DUPLICATE_METHOD_MATCH = YES;
				"CODE_SIGN_IDENTITY[sdk=iphoneos*]" = "iPhone Developer";
				COPY_PHASE_STRIP = NO;
				DEBUG_INFORMATION_FORMAT = "dwarf-with-dsym";
				ENABLE_NS_ASSERTIONS = NO;
				ENABLE_STRICT_OBJC_MSGSEND = YES;
				GCC_C_LANGUAGE_STANDARD = gnu99;
				GCC_NO_COMMON_BLOCKS = YES;
				GCC_WARN_64_TO_32_BIT_CONVERSION = YES;
				GCC_WARN_ABOUT_RETURN_TYPE = YES_ERROR;
				GCC_WARN_UNDECLARED_SELECTOR = YES;
				GCC_WARN_UNINITIALIZED_AUTOS = YES_AGGRESSIVE;
				GCC_WARN_UNUSED_FUNCTION = YES;
				GCC_WARN_UNUSED_VARIABLE = YES;
				IPHONEOS_DEPLOYMENT_TARGET = 10.2;
				MTL_ENABLE_DEBUG_INFO = NO;
				SDKROOT = iphoneos;
				SWIFT_OPTIMIZATION_LEVEL = "-Owholemodule";
				VALIDATE_PRODUCT = YES;
			};
			name = Release;
		};
		DC259A331E46C0B300FB453C /* Debug */ = {
			isa = XCBuildConfiguration;
			buildSettings = {
				ASSETCATALOG_COMPILER_APPICON_NAME = AppIcon;
				INFOPLIST_FILE = TumblrApp/Info.plist;
				LD_RUNPATH_SEARCH_PATHS = "$(inherited) @executable_path/Frameworks";
				PRODUCT_BUNDLE_IDENTIFIER = DY.TumblrApp;
				PRODUCT_NAME = "$(TARGET_NAME)";
				SWIFT_VERSION = 3.0;
			};
			name = Debug;
		};
		DC259A341E46C0B300FB453C /* Release */ = {
			isa = XCBuildConfiguration;
			buildSettings = {
				ASSETCATALOG_COMPILER_APPICON_NAME = AppIcon;
				INFOPLIST_FILE = TumblrApp/Info.plist;
				LD_RUNPATH_SEARCH_PATHS = "$(inherited) @executable_path/Frameworks";
				PRODUCT_BUNDLE_IDENTIFIER = DY.TumblrApp;
				PRODUCT_NAME = "$(TARGET_NAME)";
				SWIFT_VERSION = 3.0;
			};
			name = Release;
		};
/* End XCBuildConfiguration section */

/* Begin XCConfigurationList section */
		DC259A1B1E46C0B300FB453C /* Build configuration list for PBXProject "TumblrApp" */ = {
			isa = XCConfigurationList;
			buildConfigurations = (
				DC259A301E46C0B300FB453C /* Debug */,
				DC259A311E46C0B300FB453C /* Release */,
			);
			defaultConfigurationIsVisible = 0;
			defaultConfigurationName = Release;
		};
		DC259A321E46C0B300FB453C /* Build configuration list for PBXNativeTarget "TumblrApp" */ = {
			isa = XCConfigurationList;
			buildConfigurations = (
				DC259A331E46C0B300FB453C /* Debug */,
				DC259A341E46C0B300FB453C /* Release */,
			);
			defaultConfigurationIsVisible = 0;
		};
/* End XCConfigurationList section */
	};
	rootObject = DC259A181E46C0B300FB453C /* Project object */;
}
